github.com/komarovn654/OTUS_Alg_Hw/sortutils v0.0.0-20221224192118-c3c93e39e4c8 h1:6oLU9rCWh8x36YwiV90IRrEjNe9rp0Xbibie7o6Royw=
github.com/komarovn654/OTUS_Alg_Hw/sortutils v0.0.0-20221224192118-c3c93e39e4c8/go.mod h1:JC2/vGHv98p4CkKRqj4LRcqK9pA5JirMPi/yVRUY9wI=
github.com/komarovn654/OTUS_Alg_Hw/sortutils v0.0.0-20221226205929-f205262aa31f h1:ZSxkY2sK/LWbUQQrT6XiX3X+cKhGxlBp3xAFJjy+amI=
github.com/komarovn654/OTUS_Alg_Hw/sortutils v0.0.0-20221226205929-f205262aa31f/go.mod h1:JC2/vGHv98p4CkKRqj4LRcqK9pA5JirMPi/yVRUY9wI=
