github.com/komarovn654/OTUS_Alg_Hw/sortutils v0.0.0-20221218194322-673aa1eecaa4 h1:PYF3V6uY3/rjnY3BH1I3JhXAA0X28r/lA52q/rhK+4U=
github.com/komarovn654/OTUS_Alg_Hw/sortutils v0.0.0-20221218194322-673aa1eecaa4/go.mod h1:sUKnABItgXZ5UdXX9CqjSL2hy7lBktqueBGev82v+yg=
github.com/komarovn654/OTUS_Alg_Hw/sortutils v0.0.0-20221218195003-a320ec49b3da h1:3eNwobSgbpo+Z9471G2KeL9XsrVcPa/ym4nW+BLY8P0=
github.com/komarovn654/OTUS_Alg_Hw/sortutils v0.0.0-20221218195003-a320ec49b3da/go.mod h1:sUKnABItgXZ5UdXX9CqjSL2hy7lBktqueBGev82v+yg=
