github.com/komarovn654/OTUS_Alg_Hw/sortutils v0.0.0-20221218162603-ebba6803fc3f h1:PaqNe8Wa2EJm03EbXOQx9N2df+hPL6L9RIMP5BHiFaM=
github.com/komarovn654/OTUS_Alg_Hw/sortutils v0.0.0-20221218162603-ebba6803fc3f/go.mod h1:TsS+3cVA2fXQgIPkrD5eCT3wCT2xvaiYl5PPZb1YfKY=
github.com/komarovn654/OTUS_Alg_Hw/sortutils v0.0.0-20221218193315-fd5204388c04 h1:cxmj3QI8kqQJk6RT5U6Dbp+NpLWVA9MKumU/g8IKXr0=
github.com/komarovn654/OTUS_Alg_Hw/sortutils v0.0.0-20221218193315-fd5204388c04/go.mod h1:sUKnABItgXZ5UdXX9CqjSL2hy7lBktqueBGev82v+yg=
github.com/komarovn654/OTUS_Alg_Hw/sortutils v0.0.0-20221218194322-673aa1eecaa4 h1:PYF3V6uY3/rjnY3BH1I3JhXAA0X28r/lA52q/rhK+4U=
github.com/komarovn654/OTUS_Alg_Hw/sortutils v0.0.0-20221218194322-673aa1eecaa4/go.mod h1:sUKnABItgXZ5UdXX9CqjSL2hy7lBktqueBGev82v+yg=
