github.com/davecgh/go-spew v1.1.1 h1:vj9j/u1bqnvCEfJOwUhtlOARqs3+rkHYY13jYWTU97c=
github.com/komarovn654/OTUS_Alg_Hw/sortutils v0.0.0-20230103212609-8580964980b8 h1:MY8VpQ6q4aVujqSAcexOtHGYady2UpJKEPpUF00qA74=
github.com/komarovn654/OTUS_Alg_Hw/sortutils v0.0.0-20230103212609-8580964980b8/go.mod h1:OObPMknU5MMlIfhLs0cDAoPbL/S6V5TPJxGL37p1IDc=
github.com/komarovn654/OTUS_Alg_Hw/sortutils v0.0.0-20230104103138-9cbb210e3d92 h1:TKV9yKnpuDfzMfnYtckh/brX1ORhNs0v19K99R17i0g=
github.com/komarovn654/OTUS_Alg_Hw/sortutils v0.0.0-20230104103138-9cbb210e3d92/go.mod h1:OObPMknU5MMlIfhLs0cDAoPbL/S6V5TPJxGL37p1IDc=
github.com/pmezard/go-difflib v1.0.0 h1:4DBwDE0NGyQoBHbLQYPwSUPoCMWR5BEzIk/f1lZbAQM=
github.com/stretchr/testify v1.8.1 h1:w7B6lhMri9wdJUVmEZPGGhZzrYTPvgJArz7wNPgYKsk=
go.uber.org/goleak v1.2.0 h1:xqgm/S+aQvhWFTtR0XK3Jvg7z8kGV8P4X14IzwN3Eqk=
gopkg.in/yaml.v3 v3.0.1 h1:fxVm/GzAzEWqLHuvctI91KS9hhNmmWOoWu0XTYJS7CA=
